
Microsoft Visual Studio Solution File, Format Version 12.00
# Visual Studio 15
VisualStudioVersion = 15.0.28307.960
MinimumVisualStudioVersion = 10.0.40219.1
Project("{FAE04EC0-301F-11D3-BF4B-00C04F79EFBC}") = "ArtGallery", "ArtGallery\ArtGallery.csproj", "{C7F9743D-4107-4E9B-A377-C5A1DCDFF504}"
EndProject
Global
	GlobalSection(SolutionConfigurationPlatforms) = preSolution
		Debug|Any CPU = Debug|Any CPU
		Release|Any CPU = Release|Any CPU
	EndGlobalSection
	GlobalSection(ProjectConfigurationPlatforms) = postSolution
		{C7F9743D-4107-4E9B-A377-C5A1DCDFF504}.Debug|Any CPU.ActiveCfg = Debug|Any CPU
		{C7F9743D-4107-4E9B-A377-C5A1DCDFF504}.Debug|Any CPU.Build.0 = Debug|Any CPU
		{C7F9743D-4107-4E9B-A377-C5A1DCDFF504}.Release|Any CPU.ActiveCfg = Release|Any CPU
		{C7F9743D-4107-4E9B-A377-C5A1DCDFF504}.Release|Any CPU.Build.0 = Release|Any CPU
	EndGlobalSection
	GlobalSection(SolutionProperties) = preSolution
		HideSolutionNode = FALSE
	EndGlobalSection
	GlobalSection(ExtensibilityGlobals) = postSolution
		SolutionGuid = {F027979E-9054-420C-9E31-5CDECF67C5B9}
	EndGlobalSection
EndGlobal
